{
  "name": "vitamux-whoop-sidecar",
  "version": "0.2.0",
  "lockfileVersion": 3,
  "requires": true,
  "packages": {
    "": {
      "name": "vitamux-whoop-sidecar",
      "version": "0.2.0",
      "license": "MIT",
      "dependencies": {
        "@dofek/whoop": "0.1.65"
      },
      "engines": {
        "node": ">=22.14.0"
      }
    },
    "node_modules/@dofek/provider-http": {
      "version": "0.1.65",
      "resolved": "https://registry.npmjs.org/@dofek/provider-http/-/provider-http-0.1.65.tgz",
      "integrity": "sha512-CueB4mjs/7m35aNhfpGj24ISsin+9m8SsBVH6kGbGU517l1A3uuysoJMoJ/vcVA/T1R3hJ7V/N5vWeAfPBZ2cA==",
      "license": "MIT",
      "engines": {
        "node": ">=22.14.0"
      }
    },
    "node_modules/@dofek/scoring": {
      "version": "0.1.65",
      "resolved": "https://registry.npmjs.org/@dofek/scoring/-/scoring-0.1.65.tgz",
      "integrity": "sha512-jEgX1K+kHzpzokB6D8aeT5BYvNW35y5uK5PPbp2bIHoL60fjCqApNd/DffF2rBhu/kiMnAD6NNfilE9DPQmUzg==",
      "license": "MIT",
      "engines": {
        "node": ">=22.14.0"
      }
    },
    "node_modules/@dofek/training": {
      "version": "0.1.65",
      "resolved": "https://registry.npmjs.org/@dofek/training/-/training-0.1.65.tgz",
      "integrity": "sha512-rJ7/uhMeNogWfp10kbJLJvUXhrxQCdco2eqaG9qPJAPeERYwXkiUHCQW5KVYAirDu+J8lqZecDo6jdIHTcvJiQ==",
      "license": "MIT",
      "dependencies": {
        "@dofek/scoring": "0.1.65",
        "@dofek/zones": "0.1.65",
        "@openbeta/sandbag": "0.0.55",
        "zod": "4.4.3"
      },
      "engines": {
        "node": ">=22.14.0"
      }
    },
    "node_modules/@dofek/whoop": {
      "version": "0.1.65",
      "resolved": "https://registry.npmjs.org/@dofek/whoop/-/whoop-0.1.65.tgz",
      "integrity": "sha512-HAk8enF9dwtjLlQ0S89EX6WuRefKAXCUrrEAYXD4WefKcdMiIALMADCW1z9NVtlydFfMJx0PqjxlucyS+ZHXyQ==",
      "license": "MIT",
      "dependencies": {
        "@dofek/provider-http": "0.1.65",
        "@dofek/training": "0.1.65",
        "zod": "4.4.3"
      },
      "engines": {
        "node": ">=22.14.0"
      }
    },
    "node_modules/@dofek/zones": {
      "version": "0.1.65",
      "resolved": "https://registry.npmjs.org/@dofek/zones/-/zones-0.1.65.tgz",
      "integrity": "sha512-Pjdg6Jua4zkVOfK7hS6wYDFaKAMZXIZw3yQYv+g9+vmAF1/YKeRtTRiogNCR6JzcCgsKUs8memTvNIpkElULuw==",
      "license": "MIT",
      "dependencies": {
        "@dofek/scoring": "0.1.65"
      },
      "engines": {
        "node": ">=22.14.0"
      }
    },
    "node_modules/@openbeta/sandbag": {
      "version": "0.0.55",
      "resolved": "https://registry.npmjs.org/@openbeta/sandbag/-/sandbag-0.0.55.tgz",
      "integrity": "sha512-mHRK0uY/DpwstuTws6rJ89XwqJxkGKuJo9SWnLWqoWo51ITaXAHkPn4dwa1y3K4OJ+yoBl5SQuETB4JvbzgZhg==",
      "license": "MIT",
      "engines": {
        "node": ">=14"
      }
    },
    "node_modules/zod": {
      "version": "4.4.3",
      "resolved": "https://registry.npmjs.org/zod/-/zod-4.4.3.tgz",
      "integrity": "sha512-ytENFjIJFl2UwYglde2jchW2Hwm4GJFLDiSXWdTrJQBIN9Fcyp7n4DhxJEiWNAJMV1/BqWfW/kkg71UDcHJyTQ==",
      "license": "MIT",
      "funding": {
        "url": "https://github.com/sponsors/colinhacks"
      }
    }
  }
}
